// !$*UTF8*$!
{
	archiveVersion = 1;
	classes = {
	};
	objectVersion = 50;
	objects = {

/* Begin PBXBuildFile section */
		044445C0C192BFAA6C630926 /* Pods_MyScheduleTests.framework in Frameworks */ = {isa = PBXBuildFile; fileRef = 3EE6C9AD85416A2AB867EC53 /* Pods_MyScheduleTests.framework */; };
		3785DE804CE66B574E00A25D /* Pods_MySchedule.framework in Frameworks */ = {isa = PBXBuildFile; fileRef = 7A0E419D9627AB7E0F2008EC /* Pods_MySchedule.framework */; };
		5A32DCE9211AD22400099180 /* AppDelegate.swift in Sources */ = {isa = PBXBuildFile; fileRef = 5A32DCE8211AD22400099180 /* AppDelegate.swift */; };
		5A32DCEB211AD22400099180 /* ViewController.swift in Sources */ = {isa = PBXBuildFile; fileRef = 5A32DCEA211AD22400099180 /* ViewController.swift */; };
		5A32DCEE211AD22400099180 /* Main.storyboard in Resources */ = {isa = PBXBuildFile; fileRef = 5A32DCEC211AD22400099180 /* Main.storyboard */; };
		5A32DCF0211AD22500099180 /* Assets.xcassets in Resources */ = {isa = PBXBuildFile; fileRef = 5A32DCEF211AD22500099180 /* Assets.xcassets */; };
		5A32DCF3211AD22500099180 /* LaunchScreen.storyboard in Resources */ = {isa = PBXBuildFile; fileRef = 5A32DCF1211AD22500099180 /* LaunchScreen.storyboard */; };
		5A32DCFE211AD22600099180 /* MyScheduleTests.swift in Sources */ = {isa = PBXBuildFile; fileRef = 5A32DCFD211AD22600099180 /* MyScheduleTests.swift */; };
		5A32DD09211AD33C00099180 /* scheduleTableViewController.swift in Sources */ = {isa = PBXBuildFile; fileRef = 5A32DD08211AD33C00099180 /* scheduleTableViewController.swift */; };
		5A32DD0D211ADDB000099180 /* scheduleTableViewCell.swift in Sources */ = {isa = PBXBuildFile; fileRef = 5A32DD0C211ADDB000099180 /* scheduleTableViewCell.swift */; };
		5A32DDA7212BABB800099180 /* right-arrow-circular-button-2.png in Resources */ = {isa = PBXBuildFile; fileRef = 5A32DDA6212BABB800099180 /* right-arrow-circular-button-2.png */; };
		5A32DDA9212BAC2C00099180 /* right-arrow-circular-button-3.png in Resources */ = {isa = PBXBuildFile; fileRef = 5A32DDA8212BAC2B00099180 /* right-arrow-circular-button-3.png */; };
		5A32DDAB212D5EA200099180 /* StructGiveDatas.swift in Sources */ = {isa = PBXBuildFile; fileRef = 5A32DDAA212D5EA200099180 /* StructGiveDatas.swift */; };
		5AF4BFA1214793E100E5566C /* GoogleService-Info.plist in Resources */ = {isa = PBXBuildFile; fileRef = 5AF4BFA0214793E100E5566C /* GoogleService-Info.plist */; };
/* End PBXBuildFile section */

/* Begin PBXContainerItemProxy section */
		5A32DCFA211AD22600099180 /* PBXContainerItemProxy */ = {
			isa = PBXContainerItemProxy;
			containerPortal = 5A32DCDD211AD22400099180 /* Project object */;
			proxyType = 1;
			remoteGlobalIDString = 5A32DCE4211AD22400099180;
			remoteInfo = MySchedule;
		};
/* End PBXContainerItemProxy section */

/* Begin PBXFileReference section */
		3EE6C9AD85416A2AB867EC53 /* Pods_MyScheduleTests.framework */ = {isa = PBXFileReference; explicitFileType = wrapper.framework; includeInIndex = 0; path = Pods_MyScheduleTests.framework; sourceTree = BUILT_PRODUCTS_DIR; };
		4EB26DBE3BD9997A8B653CFA /* Pods-MyScheduleTests.debug.xcconfig */ = {isa = PBXFileReference; includeInIndex = 1; lastKnownFileType = text.xcconfig; name = "Pods-MyScheduleTests.debug.xcconfig"; path = "Pods/Target Support Files/Pods-MyScheduleTests/Pods-MyScheduleTests.debug.xcconfig"; sourceTree = "<group>"; };
		5A32DCE5211AD22400099180 /* MySchedule.app */ = {isa = PBXFileReference; explicitFileType = wrapper.application; includeInIndex = 0; path = MySchedule.app; sourceTree = BUILT_PRODUCTS_DIR; };
		5A32DCE8211AD22400099180 /* AppDelegate.swift */ = {isa = PBXFileReference; lastKnownFileType = sourcecode.swift; path = AppDelegate.swift; sourceTree = "<group>"; };
		5A32DCEA211AD22400099180 /* ViewController.swift */ = {isa = PBXFileReference; lastKnownFileType = sourcecode.swift; path = ViewController.swift; sourceTree = "<group>"; };
		5A32DCED211AD22400099180 /* Base */ = {isa = PBXFileReference; lastKnownFileType = file.storyboard; name = Base; path = Base.lproj/Main.storyboard; sourceTree = "<group>"; };
		5A32DCEF211AD22500099180 /* Assets.xcassets */ = {isa = PBXFileReference; lastKnownFileType = folder.assetcatalog; path = Assets.xcassets; sourceTree = "<group>"; };
		5A32DCF2211AD22500099180 /* Base */ = {isa = PBXFileReference; lastKnownFileType = file.storyboard; name = Base; path = Base.lproj/LaunchScreen.storyboard; sourceTree = "<group>"; };
		5A32DCF4211AD22500099180 /* Info.plist */ = {isa = PBXFileReference; lastKnownFileType = text.plist.xml; path = Info.plist; sourceTree = "<group>"; };
		5A32DCF9211AD22600099180 /* MyScheduleTests.xctest */ = {isa = PBXFileReference; explicitFileType = wrapper.cfbundle; includeInIndex = 0; path = MyScheduleTests.xctest; sourceTree = BUILT_PRODUCTS_DIR; };
		5A32DCFD211AD22600099180 /* MyScheduleTests.swift */ = {isa = PBXFileReference; lastKnownFileType = sourcecode.swift; path = MyScheduleTests.swift; sourceTree = "<group>"; };
		5A32DCFF211AD22600099180 /* Info.plist */ = {isa = PBXFileReference; lastKnownFileType = text.plist.xml; path = Info.plist; sourceTree = "<group>"; };
		5A32DD08211AD33C00099180 /* scheduleTableViewController.swift */ = {isa = PBXFileReference; lastKnownFileType = sourcecode.swift; path = scheduleTableViewController.swift; sourceTree = "<group>"; };
		5A32DD0C211ADDB000099180 /* scheduleTableViewCell.swift */ = {isa = PBXFileReference; lastKnownFileType = sourcecode.swift; name = scheduleTableViewCell.swift; path = ../scheduleTableViewCell.swift; sourceTree = "<group>"; };
		5A32DDA6212BABB800099180 /* right-arrow-circular-button-2.png */ = {isa = PBXFileReference; lastKnownFileType = image.png; path = "right-arrow-circular-button-2.png"; sourceTree = "<group>"; };
		5A32DDA8212BAC2B00099180 /* right-arrow-circular-button-3.png */ = {isa = PBXFileReference; lastKnownFileType = image.png; path = "right-arrow-circular-button-3.png"; sourceTree = "<group>"; };
		5A32DDAA212D5EA200099180 /* StructGiveDatas.swift */ = {isa = PBXFileReference; lastKnownFileType = sourcecode.swift; path = StructGiveDatas.swift; sourceTree = "<group>"; };
		5AF4BFA0214793E100E5566C /* GoogleService-Info.plist */ = {isa = PBXFileReference; fileEncoding = 4; lastKnownFileType = text.plist.xml; path = "GoogleService-Info.plist"; sourceTree = "<group>"; };
		755F7E8AE558AD457D243559 /* Pods-MySchedule.debug.xcconfig */ = {isa = PBXFileReference; includeInIndex = 1; lastKnownFileType = text.xcconfig; name = "Pods-MySchedule.debug.xcconfig"; path = "Pods/Target Support Files/Pods-MySchedule/Pods-MySchedule.debug.xcconfig"; sourceTree = "<group>"; };
		79E0921CB65BB0DA6FEF3FD8 /* Pods-MySchedule.release.xcconfig */ = {isa = PBXFileReference; includeInIndex = 1; lastKnownFileType = text.xcconfig; name = "Pods-MySchedule.release.xcconfig"; path = "Pods/Target Support Files/Pods-MySchedule/Pods-MySchedule.release.xcconfig"; sourceTree = "<group>"; };
		7A0E419D9627AB7E0F2008EC /* Pods_MySchedule.framework */ = {isa = PBXFileReference; explicitFileType = wrapper.framework; includeInIndex = 0; path = Pods_MySchedule.framework; sourceTree = BUILT_PRODUCTS_DIR; };
		99C3FDBE302C4D2FF023E8B4 /* Pods-MyScheduleTests.release.xcconfig */ = {isa = PBXFileReference; includeInIndex = 1; lastKnownFileType = text.xcconfig; name = "Pods-MyScheduleTests.release.xcconfig"; path = "Pods/Target Support Files/Pods-MyScheduleTests/Pods-MyScheduleTests.release.xcconfig"; sourceTree = "<group>"; };
/* End PBXFileReference section */

/* Begin PBXFrameworksBuildPhase section */
		5A32DCE2211AD22400099180 /* Frameworks */ = {
			isa = PBXFrameworksBuildPhase;
			buildActionMask = 2147483647;
			files = (
				3785DE804CE66B574E00A25D /* Pods_MySchedule.framework in Frameworks */,
			);
			runOnlyForDeploymentPostprocessing = 0;
		};
		5A32DCF6211AD22600099180 /* Frameworks */ = {
			isa = PBXFrameworksBuildPhase;
			buildActionMask = 2147483647;
			files = (
				044445C0C192BFAA6C630926 /* Pods_MyScheduleTests.framework in Frameworks */,
			);
			runOnlyForDeploymentPostprocessing = 0;
		};
/* End PBXFrameworksBuildPhase section */

/* Begin PBXGroup section */
		5A32DCDC211AD22400099180 = {
			isa = PBXGroup;
			children = (
				5A32DCE7211AD22400099180 /* MySchedule */,
				5A32DCFC211AD22600099180 /* MyScheduleTests */,
				5A32DCE6211AD22400099180 /* Products */,
				6253AAF45AAF06A4CFAB053E /* Pods */,
				FA3EEE0F4EA30F8F8D57AC98 /* Frameworks */,
			);
			sourceTree = "<group>";
		};
		5A32DCE6211AD22400099180 /* Products */ = {
			isa = PBXGroup;
			children = (
				5A32DCE5211AD22400099180 /* MySchedule.app */,
				5A32DCF9211AD22600099180 /* MyScheduleTests.xctest */,
			);
			name = Products;
			sourceTree = "<group>";
		};
		5A32DCE7211AD22400099180 /* MySchedule */ = {
			isa = PBXGroup;
			children = (
				5A32DDA6212BABB800099180 /* right-arrow-circular-button-2.png */,
				5A32DDA8212BAC2B00099180 /* right-arrow-circular-button-3.png */,
				5A32DCE8211AD22400099180 /* AppDelegate.swift */,
				5A32DCEA211AD22400099180 /* ViewController.swift */,
				5A32DDAA212D5EA200099180 /* StructGiveDatas.swift */,
				5A32DD08211AD33C00099180 /* scheduleTableViewController.swift */,
				5A32DD0C211ADDB000099180 /* scheduleTableViewCell.swift */,
				5A32DCEC211AD22400099180 /* Main.storyboard */,
				5A32DCEF211AD22500099180 /* Assets.xcassets */,
				5A32DCF1211AD22500099180 /* LaunchScreen.storyboard */,
				5A32DCF4211AD22500099180 /* Info.plist */,
				5AF4BFA0214793E100E5566C /* GoogleService-Info.plist */,
			);
			path = MySchedule;
			sourceTree = "<group>";
		};
		5A32DCFC211AD22600099180 /* MyScheduleTests */ = {
			isa = PBXGroup;
			children = (
				5A32DCFD211AD22600099180 /* MyScheduleTests.swift */,
				5A32DCFF211AD22600099180 /* Info.plist */,
			);
			path = MyScheduleTests;
			sourceTree = "<group>";
		};
		6253AAF45AAF06A4CFAB053E /* Pods */ = {
			isa = PBXGroup;
			children = (
				755F7E8AE558AD457D243559 /* Pods-MySchedule.debug.xcconfig */,
				79E0921CB65BB0DA6FEF3FD8 /* Pods-MySchedule.release.xcconfig */,
				4EB26DBE3BD9997A8B653CFA /* Pods-MyScheduleTests.debug.xcconfig */,
				99C3FDBE302C4D2FF023E8B4 /* Pods-MyScheduleTests.release.xcconfig */,
			);
			name = Pods;
			sourceTree = "<group>";
		};
		FA3EEE0F4EA30F8F8D57AC98 /* Frameworks */ = {
			isa = PBXGroup;
			children = (
				7A0E419D9627AB7E0F2008EC /* Pods_MySchedule.framework */,
				3EE6C9AD85416A2AB867EC53 /* Pods_MyScheduleTests.framework */,
			);
			name = Frameworks;
			sourceTree = "<group>";
		};
/* End PBXGroup section */

/* Begin PBXNativeTarget section */
		5A32DCE4211AD22400099180 /* MySchedule */ = {
			isa = PBXNativeTarget;
			buildConfigurationList = 5A32DD02211AD22600099180 /* Build configuration list for PBXNativeTarget "MySchedule" */;
			buildPhases = (
				8DFC1B911707C29AF5F39FE7 /* [CP] Check Pods Manifest.lock */,
				5A32DCE1211AD22400099180 /* Sources */,
				5A32DCE2211AD22400099180 /* Frameworks */,
				5A32DCE3211AD22400099180 /* Resources */,
				31950A0E96D3DC9449C0FF4B /* [CP] Embed Pods Frameworks */,
			);
			buildRules = (
			);
			dependencies = (
			);
			name = MySchedule;
			productName = MySchedule;
			productReference = 5A32DCE5211AD22400099180 /* MySchedule.app */;
			productType = "com.apple.product-type.application";
		};
		5A32DCF8211AD22600099180 /* MyScheduleTests */ = {
			isa = PBXNativeTarget;
			buildConfigurationList = 5A32DD05211AD22600099180 /* Build configuration list for PBXNativeTarget "MyScheduleTests" */;
			buildPhases = (
				D4F796BD34D5B1A56035A504 /* [CP] Check Pods Manifest.lock */,
				5A32DCF5211AD22600099180 /* Sources */,
				5A32DCF6211AD22600099180 /* Frameworks */,
				5A32DCF7211AD22600099180 /* Resources */,
			);
			buildRules = (
			);
			dependencies = (
				5A32DCFB211AD22600099180 /* PBXTargetDependency */,
			);
			name = MyScheduleTests;
			productName = MyScheduleTests;
			productReference = 5A32DCF9211AD22600099180 /* MyScheduleTests.xctest */;
			productType = "com.apple.product-type.bundle.unit-test";
		};
/* End PBXNativeTarget section */

/* Begin PBXProject section */
		5A32DCDD211AD22400099180 /* Project object */ = {
			isa = PBXProject;
			attributes = {
				LastSwiftUpdateCheck = 0940;
				LastUpgradeCheck = 0940;
				ORGANIZATIONNAME = "Kazunari Watanabe";
				TargetAttributes = {
					5A32DCE4211AD22400099180 = {
						CreatedOnToolsVersion = 9.4.1;
					};
					5A32DCF8211AD22600099180 = {
						CreatedOnToolsVersion = 9.4.1;
						TestTargetID = 5A32DCE4211AD22400099180;
					};
				};
			};
			buildConfigurationList = 5A32DCE0211AD22400099180 /* Build configuration list for PBXProject "MySchedule" */;
			compatibilityVersion = "Xcode 9.3";
			developmentRegion = en;
			hasScannedForEncodings = 0;
			knownRegions = (
				en,
				Base,
			);
			mainGroup = 5A32DCDC211AD22400099180;
			productRefGroup = 5A32DCE6211AD22400099180 /* Products */;
			projectDirPath = "";
			projectRoot = "";
			targets = (
				5A32DCE4211AD22400099180 /* MySchedule */,
				5A32DCF8211AD22600099180 /* MyScheduleTests */,
			);
		};
/* End PBXProject section */

/* Begin PBXResourcesBuildPhase section */
		5A32DCE3211AD22400099180 /* Resources */ = {
			isa = PBXResourcesBuildPhase;
			buildActionMask = 2147483647;
			files = (
				5A32DCF3211AD22500099180 /* LaunchScreen.storyboard in Resources */,
				5A32DCF0211AD22500099180 /* Assets.xcassets in Resources */,
				5A32DDA9212BAC2C00099180 /* right-arrow-circular-button-3.png in Resources */,
				5A32DDA7212BABB800099180 /* right-arrow-circular-button-2.png in Resources */,
				5A32DCEE211AD22400099180 /* Main.storyboard in Resources */,
				5AF4BFA1214793E100E5566C /* GoogleService-Info.plist in Resources */,
			);
			runOnlyForDeploymentPostprocessing = 0;
		};
		5A32DCF7211AD22600099180 /* Resources */ = {
			isa = PBXResourcesBuildPhase;
			buildActionMask = 2147483647;
			files = (
			);
			runOnlyForDeploymentPostprocessing = 0;
		};
/* End PBXResourcesBuildPhase section */

/* Begin PBXShellScriptBuildPhase section */
		31950A0E96D3DC9449C0FF4B /* [CP] Embed Pods Frameworks */ = {
			isa = PBXShellScriptBuildPhase;
			buildActionMask = 2147483647;
			files = (
			);
			inputFileListPaths = (
			);
			inputPaths = (
				"${SRCROOT}/Pods/Target Support Files/Pods-MySchedule/Pods-MySchedule-frameworks.sh",
				"${BUILT_PRODUCTS_DIR}/GoogleUtilities/GoogleUtilities.framework",
				"${BUILT_PRODUCTS_DIR}/nanopb/nanopb.framework",
			);
			name = "[CP] Embed Pods Frameworks";
			outputFileListPaths = (
			);
			outputPaths = (
				"${TARGET_BUILD_DIR}/${FRAMEWORKS_FOLDER_PATH}/GoogleUtilities.framework",
				"${TARGET_BUILD_DIR}/${FRAMEWORKS_FOLDER_PATH}/nanopb.framework",
			);
			runOnlyForDeploymentPostprocessing = 0;
			shellPath = /bin/sh;
			shellScript = "\"${SRCROOT}/Pods/Target Support Files/Pods-MySchedule/Pods-MySchedule-frameworks.sh\"\n";
			showEnvVarsInLog = 0;
		};
		8DFC1B911707C29AF5F39FE7 /* [CP] Check Pods Manifest.lock */ = {
			isa = PBXShellScriptBuildPhase;
			buildActionMask = 2147483647;
			files = (
			);
			inputFileListPaths = (
			);
			inputPaths = (
				"${PODS_PODFILE_DIR_PATH}/Podfile.lock",
				"${PODS_ROOT}/Manifest.lock",
			);
			name = "[CP] Check Pods Manifest.lock";
			outputFileListPaths = (
			);
			outputPaths = (
				"$(DERIVED_FILE_DIR)/Pods-MySchedule-checkManifestLockResult.txt",
			);
			runOnlyForDeploymentPostprocessing = 0;
			shellPath = /bin/sh;
			shellScript = "diff \"${PODS_PODFILE_DIR_PATH}/Podfile.lock\" \"${PODS_ROOT}/Manifest.lock\" > /dev/null\nif [ $? != 0 ] ; then\n    # print error to STDERR\n    echo \"error: The sandbox is not in sync with the Podfile.lock. Run 'pod install' or update your CocoaPods installation.\" >&2\n    exit 1\nfi\n# This output is used by Xcode 'outputs' to avoid re-running this script phase.\necho \"SUCCESS\" > \"${SCRIPT_OUTPUT_FILE_0}\"\n";
			showEnvVarsInLog = 0;
		};
		D4F796BD34D5B1A56035A504 /* [CP] Check Pods Manifest.lock */ = {
			isa = PBXShellScriptBuildPhase;
			buildActionMask = 2147483647;
			files = (
			);
			inputFileListPaths = (
			);
			inputPaths = (
				"${PODS_PODFILE_DIR_PATH}/Podfile.lock",
				"${PODS_ROOT}/Manifest.lock",
			);
			name = "[CP] Check Pods Manifest.lock";
			outputFileListPaths = (
			);
			outputPaths = (
				"$(DERIVED_FILE_DIR)/Pods-MyScheduleTests-checkManifestLockResult.txt",
			);
			runOnlyForDeploymentPostprocessing = 0;
			shellPath = /bin/sh;
			shellScript = "diff \"${PODS_PODFILE_DIR_PATH}/Podfile.lock\" \"${PODS_ROOT}/Manifest.lock\" > /dev/null\nif [ $? != 0 ] ; then\n    # print error to STDERR\n    echo \"error: The sandbox is not in sync with the Podfile.lock. Run 'pod install' or update your CocoaPods installation.\" >&2\n    exit 1\nfi\n# This output is used by Xcode 'outputs' to avoid re-running this script phase.\necho \"SUCCESS\" > \"${SCRIPT_OUTPUT_FILE_0}\"\n";
			showEnvVarsInLog = 0;
		};
/* End PBXShellScriptBuildPhase section */

/* Begin PBXSourcesBuildPhase section */
		5A32DCE1211AD22400099180 /* Sources */ = {
			isa = PBXSourcesBuildPhase;
			buildActionMask = 2147483647;
			files = (
				5A32DD09211AD33C00099180 /* scheduleTableViewController.swift in Sources */,
				5A32DCEB211AD22400099180 /* ViewController.swift in Sources */,
				5A32DD0D211ADDB000099180 /* scheduleTableViewCell.swift in Sources */,
				5A32DDAB212D5EA200099180 /* StructGiveDatas.swift in Sources */,
				5A32DCE9211AD22400099180 /* AppDelegate.swift in Sources */,
			);
			runOnlyForDeploymentPostprocessing = 0;
		};
		5A32DCF5211AD22600099180 /* Sources */ = {
			isa = PBXSourcesBuildPhase;
			buildActionMask = 2147483647;
			files = (
				5A32DCFE211AD22600099180 /* MyScheduleTests.swift in Sources */,
			);
			runOnlyForDeploymentPostprocessing = 0;
		};
/* End PBXSourcesBuildPhase section */

/* Begin PBXTargetDependency section */
		5A32DCFB211AD22600099180 /* PBXTargetDependency */ = {
			isa = PBXTargetDependency;
			target = 5A32DCE4211AD22400099180 /* MySchedule */;
			targetProxy = 5A32DCFA211AD22600099180 /* PBXContainerItemProxy */;
		};
/* End PBXTargetDependency section */

/* Begin PBXVariantGroup section */
		5A32DCEC211AD22400099180 /* Main.storyboard */ = {
			isa = PBXVariantGroup;
			children = (
				5A32DCED211AD22400099180 /* Base */,
			);
			name = Main.storyboard;
			sourceTree = "<group>";
		};
		5A32DCF1211AD22500099180 /* LaunchScreen.storyboard */ = {
			isa = PBXVariantGroup;
			children = (
				5A32DCF2211AD22500099180 /* Base */,
			);
			name = LaunchScreen.storyboard;
			sourceTree = "<group>";
		};
/* End PBXVariantGroup section */

/* Begin XCBuildConfiguration section */
		5A32DD00211AD22600099180 /* Debug */ = {
			isa = XCBuildConfiguration;
			buildSettings = {
				ALWAYS_SEARCH_USER_PATHS = NO;
				CLANG_ANALYZER_NONNULL = YES;
				CLANG_ANALYZER_NUMBER_OBJECT_CONVERSION = YES_AGGRESSIVE;
				CLANG_CXX_LANGUAGE_STANDARD = "gnu++14";
				CLANG_CXX_LIBRARY = "libc++";
				CLANG_ENABLE_MODULES = YES;
				CLANG_ENABLE_OBJC_ARC = YES;
				CLANG_ENABLE_OBJC_WEAK = YES;
				CLANG_WARN_BLOCK_CAPTURE_AUTORELEASING = YES;
				CLANG_WARN_BOOL_CONVERSION = YES;
				CLANG_WARN_COMMA = YES;
				CLANG_WARN_CONSTANT_CONVERSION = YES;
				CLANG_WARN_DEPRECATED_OBJC_IMPLEMENTATIONS = YES;
				CLANG_WARN_DIRECT_OBJC_ISA_USAGE = YES_ERROR;
				CLANG_WARN_DOCUMENTATION_COMMENTS = YES;
				CLANG_WARN_EMPTY_BODY = YES;
				CLANG_WARN_ENUM_CONVERSION = YES;
				CLANG_WARN_INFINITE_RECURSION = YES;
				CLANG_WARN_INT_CONVERSION = YES;
				CLANG_WARN_NON_LITERAL_NULL_CONVERSION = YES;
				CLANG_WARN_OBJC_IMPLICIT_RETAIN_SELF = YES;
				CLANG_WARN_OBJC_LITERAL_CONVERSION = YES;
				CLANG_WARN_OBJC_ROOT_CLASS = YES_ERROR;
				CLANG_WARN_RANGE_LOOP_ANALYSIS = YES;
				CLANG_WARN_STRICT_PROTOTYPES = YES;
				CLANG_WARN_SUSPICIOUS_MOVE = YES;
				CLANG_WARN_UNGUARDED_AVAILABILITY = YES_AGGRESSIVE;
				CLANG_WARN_UNREACHABLE_CODE = YES;
				CLANG_WARN__DUPLICATE_METHOD_MATCH = YES;
				CODE_SIGN_IDENTITY = "iPhone Developer";
				COPY_PHASE_STRIP = NO;
				DEBUG_INFORMATION_FORMAT = dwarf;
				ENABLE_STRICT_OBJC_MSGSEND = YES;
				ENABLE_TESTABILITY = YES;
				GCC_C_LANGUAGE_STANDARD = gnu11;
				GCC_DYNAMIC_NO_PIC = NO;
				GCC_NO_COMMON_BLOCKS = YES;
				GCC_OPTIMIZATION_LEVEL = 0;
				GCC_PREPROCESSOR_DEFINITIONS = (
					"DEBUG=1",
					"$(inherited)",
				);
				GCC_WARN_64_TO_32_BIT_CONVERSION = YES;
				GCC_WARN_ABOUT_RETURN_TYPE = YES_ERROR;
				GCC_WARN_UNDECLARED_SELECTOR = YES;
				GCC_WARN_UNINITIALIZED_AUTOS = YES_AGGRESSIVE;
				GCC_WARN_UNUSED_FUNCTION = YES;
				GCC_WARN_UNUSED_VARIABLE = YES;
				IPHONEOS_DEPLOYMENT_TARGET = 11.4;
				MTL_ENABLE_DEBUG_INFO = YES;
				ONLY_ACTIVE_ARCH = YES;
				SDKROOT = iphoneos;
				SWIFT_ACTIVE_COMPILATION_CONDITIONS = DEBUG;
				SWIFT_OPTIMIZATION_LEVEL = "-Onone";
			};
			name = Debug;
		};
		5A32DD01211AD22600099180 /* Release */ = {
			isa = XCBuildConfiguration;
			buildSettings = {
				ALWAYS_SEARCH_USER_PATHS = NO;
				CLANG_ANALYZER_NONNULL = YES;
				CLANG_ANALYZER_NUMBER_OBJECT_CONVERSION = YES_AGGRESSIVE;
				CLANG_CXX_LANGUAGE_STANDARD = "gnu++14";
				CLANG_CXX_LIBRARY = "libc++";
				CLANG_ENABLE_MODULES = YES;
				CLANG_ENABLE_OBJC_ARC = YES;
				CLANG_ENABLE_OBJC_WEAK = YES;
				CLANG_WARN_BLOCK_CAPTURE_AUTORELEASING = YES;
				CLANG_WARN_BOOL_CONVERSION = YES;
				CLANG_WARN_COMMA = YES;
				CLANG_WARN_CONSTANT_CONVERSION = YES;
				CLANG_WARN_DEPRECATED_OBJC_IMPLEMENTATIONS = YES;
				CLANG_WARN_DIRECT_OBJC_ISA_USAGE = YES_ERROR;
				CLANG_WARN_DOCUMENTATION_COMMENTS = YES;
				CLANG_WARN_EMPTY_BODY = YES;
				CLANG_WARN_ENUM_CONVERSION = YES;
				CLANG_WARN_INFINITE_RECURSION = YES;
				CLANG_WARN_INT_CONVERSION = YES;
				CLANG_WARN_NON_LITERAL_NULL_CONVERSION = YES;
				CLANG_WARN_OBJC_IMPLICIT_RETAIN_SELF = YES;
				CLANG_WARN_OBJC_LITERAL_CONVERSION = YES;
				CLANG_WARN_OBJC_ROOT_CLASS = YES_ERROR;
				CLANG_WARN_RANGE_LOOP_ANALYSIS = YES;
				CLANG_WARN_STRICT_PROTOTYPES = YES;
				CLANG_WARN_SUSPICIOUS_MOVE = YES;
				CLANG_WARN_UNGUARDED_AVAILABILITY = YES_AGGRESSIVE;
				CLANG_WARN_UNREACHABLE_CODE = YES;
				CLANG_WARN__DUPLICATE_METHOD_MATCH = YES;
				CODE_SIGN_IDENTITY = "iPhone Developer";
				COPY_PHASE_STRIP = NO;
				DEBUG_INFORMATION_FORMAT = "dwarf-with-dsym";
				ENABLE_NS_ASSERTIONS = NO;
				ENABLE_STRICT_OBJC_MSGSEND = YES;
				GCC_C_LANGUAGE_STANDARD = gnu11;
				GCC_NO_COMMON_BLOCKS = YES;
				GCC_WARN_64_TO_32_BIT_CONVERSION = YES;
				GCC_WARN_ABOUT_RETURN_TYPE = YES_ERROR;
				GCC_WARN_UNDECLARED_SELECTOR = YES;
				GCC_WARN_UNINITIALIZED_AUTOS = YES_AGGRESSIVE;
				GCC_WARN_UNUSED_FUNCTION = YES;
				GCC_WARN_UNUSED_VARIABLE = YES;
				IPHONEOS_DEPLOYMENT_TARGET = 11.4;
				MTL_ENABLE_DEBUG_INFO = NO;
				SDKROOT = iphoneos;
				SWIFT_COMPILATION_MODE = wholemodule;
				SWIFT_OPTIMIZATION_LEVEL = "-O";
				VALIDATE_PRODUCT = YES;
			};
			name = Release;
		};
		5A32DD03211AD22600099180 /* Debug */ = {
			isa = XCBuildConfiguration;
			baseConfigurationReference = 755F7E8AE558AD457D243559 /* Pods-MySchedule.debug.xcconfig */;
			buildSettings = {
				ASSETCATALOG_COMPILER_APPICON_NAME = AppIcon;
				CODE_SIGN_STYLE = Automatic;
				DEVELOPMENT_TEAM = NLD57GNNZX;
				INFOPLIST_FILE = MySchedule/Info.plist;
				LD_RUNPATH_SEARCH_PATHS = (
					"$(inherited)",
					"@executable_path/Frameworks",
				);
				PRODUCT_BUNDLE_IDENTIFIER = com.example.MySchedule;
				PRODUCT_NAME = "$(TARGET_NAME)";
				SWIFT_VERSION = 4.0;
				TARGETED_DEVICE_FAMILY = "1,2";
			};
			name = Debug;
		};
		5A32DD04211AD22600099180 /* Release */ = {
			isa = XCBuildConfiguration;
			baseConfigurationReference = 79E0921CB65BB0DA6FEF3FD8 /* Pods-MySchedule.release.xcconfig */;
			buildSettings = {
				ASSETCATALOG_COMPILER_APPICON_NAME = AppIcon;
				CODE_SIGN_STYLE = Automatic;
				DEVELOPMENT_TEAM = NLD57GNNZX;
				INFOPLIST_FILE = MySchedule/Info.plist;
				LD_RUNPATH_SEARCH_PATHS = (
					"$(inherited)",
					"@executable_path/Frameworks",
				);
				PRODUCT_BUNDLE_IDENTIFIER = com.example.MySchedule;
				PRODUCT_NAME = "$(TARGET_NAME)";
				SWIFT_VERSION = 4.0;
				TARGETED_DEVICE_FAMILY = "1,2";
			};
			name = Release;
		};
		5A32DD06211AD22600099180 /* Debug */ = {
			isa = XCBuildConfiguration;
			baseConfigurationReference = 4EB26DBE3BD9997A8B653CFA /* Pods-MyScheduleTests.debug.xcconfig */;
			buildSettings = {
				ALWAYS_EMBED_SWIFT_STANDARD_LIBRARIES = YES;
				BUNDLE_LOADER = "$(TEST_HOST)";
				CODE_SIGN_STYLE = Automatic;
				DEVELOPMENT_TEAM = NLD57GNNZX;
				INFOPLIST_FILE = MyScheduleTests/Info.plist;
				LD_RUNPATH_SEARCH_PATHS = (
					"$(inherited)",
					"@executable_path/Frameworks",
					"@loader_path/Frameworks",
				);
				PRODUCT_BUNDLE_IDENTIFIER = com.example.MyScheduleTests;
				PRODUCT_NAME = "$(TARGET_NAME)";
				SWIFT_VERSION = 4.0;
				TARGETED_DEVICE_FAMILY = "1,2";
				TEST_HOST = "$(BUILT_PRODUCTS_DIR)/MySchedule.app/MySchedule";
			};
			name = Debug;
		};
		5A32DD07211AD22600099180 /* Release */ = {
			isa = XCBuildConfiguration;
			baseConfigurationReference = 99C3FDBE302C4D2FF023E8B4 /* Pods-MyScheduleTests.release.xcconfig */;
			buildSettings = {
				ALWAYS_EMBED_SWIFT_STANDARD_LIBRARIES = YES;
				BUNDLE_LOADER = "$(TEST_HOST)";
				CODE_SIGN_STYLE = Automatic;
				DEVELOPMENT_TEAM = NLD57GNNZX;
				INFOPLIST_FILE = MyScheduleTests/Info.plist;
				LD_RUNPATH_SEARCH_PATHS = (
					"$(inherited)",
					"@executable_path/Frameworks",
					"@loader_path/Frameworks",
				);
				PRODUCT_BUNDLE_IDENTIFIER = com.example.MyScheduleTests;
				PRODUCT_NAME = "$(TARGET_NAME)";
				SWIFT_VERSION = 4.0;
				TARGETED_DEVICE_FAMILY = "1,2";
				TEST_HOST = "$(BUILT_PRODUCTS_DIR)/MySchedule.app/MySchedule";
			};
			name = Release;
		};
/* End XCBuildConfiguration section */

/* Begin XCConfigurationList section */
		5A32DCE0211AD22400099180 /* Build configuration list for PBXProject "MySchedule" */ = {
			isa = XCConfigurationList;
			buildConfigurations = (
				5A32DD00211AD22600099180 /* Debug */,
				5A32DD01211AD22600099180 /* Release */,
			);
			defaultConfigurationIsVisible = 0;
			defaultConfigurationName = Release;
		};
		5A32DD02211AD22600099180 /* Build configuration list for PBXNativeTarget "MySchedule" */ = {
			isa = XCConfigurationList;
			buildConfigurations = (
				5A32DD03211AD22600099180 /* Debug */,
				5A32DD04211AD22600099180 /* Release */,
			);
			defaultConfigurationIsVisible = 0;
			defaultConfigurationName = Release;
		};
		5A32DD05211AD22600099180 /* Build configuration list for PBXNativeTarget "MyScheduleTests" */ = {
			isa = XCConfigurationList;
			buildConfigurations = (
				5A32DD06211AD22600099180 /* Debug */,
				5A32DD07211AD22600099180 /* Release */,
			);
			defaultConfigurationIsVisible = 0;
			defaultConfigurationName = Release;
		};
/* End XCConfigurationList section */
	};
	rootObject = 5A32DCDD211AD22400099180 /* Project object */;
}
